Microsoft Visual Studio Solution File, Format Version 12.00
# Visual Studio Version 17
VisualStudioVersion = 17.5.2.0
MinimumVisualStudioVersion = 10.0.40219.1
Project("{FAE04EC0-301F-11D3-BF4B-00C04F79EFBC}") = "moomug_project", "moomug_project.csproj", "{7CE59546-7815-0915-6F33-F7372F22EC59}"
EndProject
Global
	GlobalSection(SolutionConfigurationPlatforms) = preSolution
		Debug|Any CPU = Debug|Any CPU
		Release|Any CPU = Release|Any CPU
	EndGlobalSection
	GlobalSection(ProjectConfigurationPlatforms) = postSolution
		{7CE59546-7815-0915-6F33-F7372F22EC59}.Debug|Any CPU.ActiveCfg = Debug|Any CPU
		{7CE59546-7815-0915-6F33-F7372F22EC59}.Debug|Any CPU.Build.0 = Debug|Any CPU
		{7CE59546-7815-0915-6F33-F7372F22EC59}.Release|Any CPU.ActiveCfg = Release|Any CPU
		{7CE59546-7815-0915-6F33-F7372F22EC59}.Release|Any CPU.Build.0 = Release|Any CPU
	EndGlobalSection
	GlobalSection(SolutionProperties) = preSolution
		HideSolutionNode = FALSE
	EndGlobalSection
	GlobalSection(ExtensibilityGlobals) = postSolution
		SolutionGuid = {ED115449-C1F5-4470-81E3-C0F2A0290F76}
	EndGlobalSection
EndGlobal
